// !$*UTF8*$!
{
	archiveVersion = 1;
	classes = {
	};
	objectVersion = 46;
	objects = {

/* Begin PBXBuildFile section */
		A633DDDC1E471BC600253D77 /* StoreKit.framework in Frameworks */ = {isa = PBXBuildFile; fileRef = A633DDDB1E471BC600253D77 /* StoreKit.framework */; };
		A6BE82871E46C21300B42141 /* AppDelegate.swift in Sources */ = {isa = PBXBuildFile; fileRef = A6BE82861E46C21300B42141 /* AppDelegate.swift */; };
		A6BE82891E46C21300B42141 /* ViewController.swift in Sources */ = {isa = PBXBuildFile; fileRef = A6BE82881E46C21300B42141 /* ViewController.swift */; };
		A6BE828C1E46C21300B42141 /* Main.storyboard in Resources */ = {isa = PBXBuildFile; fileRef = A6BE828A1E46C21300B42141 /* Main.storyboard */; };
		A6BE828E1E46C21300B42141 /* Assets.xcassets in Resources */ = {isa = PBXBuildFile; fileRef = A6BE828D1E46C21300B42141 /* Assets.xcassets */; };
		A6BE82911E46C21300B42141 /* LaunchScreen.storyboard in Resources */ = {isa = PBXBuildFile; fileRef = A6BE828F1E46C21300B42141 /* LaunchScreen.storyboard */; };
		A6BE829C1E46C21300B42141 /* iaptestingTests.swift in Sources */ = {isa = PBXBuildFile; fileRef = A6BE829B1E46C21300B42141 /* iaptestingTests.swift */; };
		A6BE82A71E46C21300B42141 /* iaptestingUITests.swift in Sources */ = {isa = PBXBuildFile; fileRef = A6BE82A61E46C21300B42141 /* iaptestingUITests.swift */; };
		A6BE82B51E46C7DF00B42141 /* PurchaseViewController.swift in Sources */ = {isa = PBXBuildFile; fileRef = A6BE82B41E46C7DF00B42141 /* PurchaseViewController.swift */; };
/* End PBXBuildFile section */

/* Begin PBXContainerItemProxy section */
		A6BE82981E46C21300B42141 /* PBXContainerItemProxy */ = {
			isa = PBXContainerItemProxy;
			containerPortal = A6BE827B1E46C21300B42141 /* Project object */;
			proxyType = 1;
			remoteGlobalIDString = A6BE82821E46C21300B42141;
			remoteInfo = iaptesting;
		};
		A6BE82A31E46C21300B42141 /* PBXContainerItemProxy */ = {
			isa = PBXContainerItemProxy;
			containerPortal = A6BE827B1E46C21300B42141 /* Project object */;
			proxyType = 1;
			remoteGlobalIDString = A6BE82821E46C21300B42141;
			remoteInfo = iaptesting;
		};
/* End PBXContainerItemProxy section */

/* Begin PBXFileReference section */
		A633DDDB1E471BC600253D77 /* StoreKit.framework */ = {isa = PBXFileReference; lastKnownFileType = wrapper.framework; name = StoreKit.framework; path = System/Library/Frameworks/StoreKit.framework; sourceTree = SDKROOT; };
		A6BE82831E46C21300B42141 /* iaptesting.app */ = {isa = PBXFileReference; explicitFileType = wrapper.application; includeInIndex = 0; path = iaptesting.app; sourceTree = BUILT_PRODUCTS_DIR; };
		A6BE82861E46C21300B42141 /* AppDelegate.swift */ = {isa = PBXFileReference; lastKnownFileType = sourcecode.swift; path = AppDelegate.swift; sourceTree = "<group>"; };
		A6BE82881E46C21300B42141 /* ViewController.swift */ = {isa = PBXFileReference; lastKnownFileType = sourcecode.swift; path = ViewController.swift; sourceTree = "<group>"; };
		A6BE828B1E46C21300B42141 /* Base */ = {isa = PBXFileReference; lastKnownFileType = file.storyboard; name = Base; path = Base.lproj/Main.storyboard; sourceTree = "<group>"; };
		A6BE828D1E46C21300B42141 /* Assets.xcassets */ = {isa = PBXFileReference; lastKnownFileType = folder.assetcatalog; path = Assets.xcassets; sourceTree = "<group>"; };
		A6BE82901E46C21300B42141 /* Base */ = {isa = PBXFileReference; lastKnownFileType = file.storyboard; name = Base; path = Base.lproj/LaunchScreen.storyboard; sourceTree = "<group>"; };
		A6BE82921E46C21300B42141 /* Info.plist */ = {isa = PBXFileReference; lastKnownFileType = text.plist.xml; path = Info.plist; sourceTree = "<group>"; };
		A6BE82971E46C21300B42141 /* iaptestingTests.xctest */ = {isa = PBXFileReference; explicitFileType = wrapper.cfbundle; includeInIndex = 0; path = iaptestingTests.xctest; sourceTree = BUILT_PRODUCTS_DIR; };
		A6BE829B1E46C21300B42141 /* iaptestingTests.swift */ = {isa = PBXFileReference; lastKnownFileType = sourcecode.swift; path = iaptestingTests.swift; sourceTree = "<group>"; };
		A6BE829D1E46C21300B42141 /* Info.plist */ = {isa = PBXFileReference; lastKnownFileType = text.plist.xml; path = Info.plist; sourceTree = "<group>"; };
		A6BE82A21E46C21300B42141 /* iaptestingUITests.xctest */ = {isa = PBXFileReference; explicitFileType = wrapper.cfbundle; includeInIndex = 0; path = iaptestingUITests.xctest; sourceTree = BUILT_PRODUCTS_DIR; };
		A6BE82A61E46C21300B42141 /* iaptestingUITests.swift */ = {isa = PBXFileReference; lastKnownFileType = sourcecode.swift; path = iaptestingUITests.swift; sourceTree = "<group>"; };
		A6BE82A81E46C21300B42141 /* Info.plist */ = {isa = PBXFileReference; lastKnownFileType = text.plist.xml; path = Info.plist; sourceTree = "<group>"; };
		A6BE82B41E46C7DF00B42141 /* PurchaseViewController.swift */ = {isa = PBXFileReference; fileEncoding = 4; lastKnownFileType = sourcecode.swift; path = PurchaseViewController.swift; sourceTree = "<group>"; };
/* End PBXFileReference section */

/* Begin PBXFrameworksBuildPhase section */
		A6BE82801E46C21300B42141 /* Frameworks */ = {
			isa = PBXFrameworksBuildPhase;
			buildActionMask = 2147483647;
			files = (
				A633DDDC1E471BC600253D77 /* StoreKit.framework in Frameworks */,
			);
			runOnlyForDeploymentPostprocessing = 0;
		};
		A6BE82941E46C21300B42141 /* Frameworks */ = {
			isa = PBXFrameworksBuildPhase;
			buildActionMask = 2147483647;
			files = (
			);
			runOnlyForDeploymentPostprocessing = 0;
		};
		A6BE829F1E46C21300B42141 /* Frameworks */ = {
			isa = PBXFrameworksBuildPhase;
			buildActionMask = 2147483647;
			files = (
			);
			runOnlyForDeploymentPostprocessing = 0;
		};
/* End PBXFrameworksBuildPhase section */

/* Begin PBXGroup section */
		A633DDDA1E471BC600253D77 /* Frameworks */ = {
			isa = PBXGroup;
			children = (
				A633DDDB1E471BC600253D77 /* StoreKit.framework */,
			);
			name = Frameworks;
			sourceTree = "<group>";
		};
		A6BE827A1E46C21300B42141 = {
			isa = PBXGroup;
			children = (
				A6BE82851E46C21300B42141 /* iaptesting */,
				A6BE829A1E46C21300B42141 /* iaptestingTests */,
				A6BE82A51E46C21300B42141 /* iaptestingUITests */,
				A6BE82841E46C21300B42141 /* Products */,
				A633DDDA1E471BC600253D77 /* Frameworks */,
			);
			sourceTree = "<group>";
		};
		A6BE82841E46C21300B42141 /* Products */ = {
			isa = PBXGroup;
			children = (
				A6BE82831E46C21300B42141 /* iaptesting.app */,
				A6BE82971E46C21300B42141 /* iaptestingTests.xctest */,
				A6BE82A21E46C21300B42141 /* iaptestingUITests.xctest */,
			);
			name = Products;
			sourceTree = "<group>";
		};
		A6BE82851E46C21300B42141 /* iaptesting */ = {
			isa = PBXGroup;
			children = (
				A6BE82861E46C21300B42141 /* AppDelegate.swift */,
				A6BE82881E46C21300B42141 /* ViewController.swift */,
				A6BE828A1E46C21300B42141 /* Main.storyboard */,
				A6BE828D1E46C21300B42141 /* Assets.xcassets */,
				A6BE828F1E46C21300B42141 /* LaunchScreen.storyboard */,
				A6BE82921E46C21300B42141 /* Info.plist */,
				A6BE82B41E46C7DF00B42141 /* PurchaseViewController.swift */,
			);
			path = iaptesting;
			sourceTree = "<group>";
		};
		A6BE829A1E46C21300B42141 /* iaptestingTests */ = {
			isa = PBXGroup;
			children = (
				A6BE829B1E46C21300B42141 /* iaptestingTests.swift */,
				A6BE829D1E46C21300B42141 /* Info.plist */,
			);
			path = iaptestingTests;
			sourceTree = "<group>";
		};
		A6BE82A51E46C21300B42141 /* iaptestingUITests */ = {
			isa = PBXGroup;
			children = (
				A6BE82A61E46C21300B42141 /* iaptestingUITests.swift */,
				A6BE82A81E46C21300B42141 /* Info.plist */,
			);
			path = iaptestingUITests;
			sourceTree = "<group>";
		};
/* End PBXGroup section */

/* Begin PBXNativeTarget section */
		A6BE82821E46C21300B42141 /* iaptesting */ = {
			isa = PBXNativeTarget;
			buildConfigurationList = A6BE82AB1E46C21300B42141 /* Build configuration list for PBXNativeTarget "iaptesting" */;
			buildPhases = (
				A6BE827F1E46C21300B42141 /* Sources */,
				A6BE82801E46C21300B42141 /* Frameworks */,
				A6BE82811E46C21300B42141 /* Resources */,
			);
			buildRules = (
			);
			dependencies = (
			);
			name = iaptesting;
			productName = iaptesting;
			productReference = A6BE82831E46C21300B42141 /* iaptesting.app */;
			productType = "com.apple.product-type.application";
		};
		A6BE82961E46C21300B42141 /* iaptestingTests */ = {
			isa = PBXNativeTarget;
			buildConfigurationList = A6BE82AE1E46C21300B42141 /* Build configuration list for PBXNativeTarget "iaptestingTests" */;
			buildPhases = (
				A6BE82931E46C21300B42141 /* Sources */,
				A6BE82941E46C21300B42141 /* Frameworks */,
				A6BE82951E46C21300B42141 /* Resources */,
			);
			buildRules = (
			);
			dependencies = (
				A6BE82991E46C21300B42141 /* PBXTargetDependency */,
			);
			name = iaptestingTests;
			productName = iaptestingTests;
			productReference = A6BE82971E46C21300B42141 /* iaptestingTests.xctest */;
			productType = "com.apple.product-type.bundle.unit-test";
		};
		A6BE82A11E46C21300B42141 /* iaptestingUITests */ = {
			isa = PBXNativeTarget;
			buildConfigurationList = A6BE82B11E46C21300B42141 /* Build configuration list for PBXNativeTarget "iaptestingUITests" */;
			buildPhases = (
				A6BE829E1E46C21300B42141 /* Sources */,
				A6BE829F1E46C21300B42141 /* Frameworks */,
				A6BE82A01E46C21300B42141 /* Resources */,
			);
			buildRules = (
			);
			dependencies = (
				A6BE82A41E46C21300B42141 /* PBXTargetDependency */,
			);
			name = iaptestingUITests;
			productName = iaptestingUITests;
			productReference = A6BE82A21E46C21300B42141 /* iaptestingUITests.xctest */;
			productType = "com.apple.product-type.bundle.ui-testing";
		};
/* End PBXNativeTarget section */

/* Begin PBXProject section */
		A6BE827B1E46C21300B42141 /* Project object */ = {
			isa = PBXProject;
			attributes = {
				LastSwiftUpdateCheck = 0820;
				LastUpgradeCheck = 0820;
				ORGANIZATIONNAME = ckmobile.com;
				TargetAttributes = {
					A6BE82821E46C21300B42141 = {
						CreatedOnToolsVersion = 8.2.1;
						DevelopmentTeam = 329536578B;
						ProvisioningStyle = Automatic;
						SystemCapabilities = {
							com.apple.InAppPurchase = {
								enabled = 1;
							};
						};
					};
					A6BE82961E46C21300B42141 = {
						CreatedOnToolsVersion = 8.2.1;
						DevelopmentTeam = 329536578B;
						ProvisioningStyle = Automatic;
						TestTargetID = A6BE82821E46C21300B42141;
					};
					A6BE82A11E46C21300B42141 = {
						CreatedOnToolsVersion = 8.2.1;
						DevelopmentTeam = 329536578B;
						ProvisioningStyle = Automatic;
						TestTargetID = A6BE82821E46C21300B42141;
					};
				};
			};
			buildConfigurationList = A6BE827E1E46C21300B42141 /* Build configuration list for PBXProject "iaptesting" */;
			compatibilityVersion = "Xcode 3.2";
			developmentRegion = English;
			hasScannedForEncodings = 0;
			knownRegions = (
				en,
				Base,
			);
			mainGroup = A6BE827A1E46C21300B42141;
			productRefGroup = A6BE82841E46C21300B42141 /* Products */;
			projectDirPath = "";
			projectRoot = "";
			targets = (
				A6BE82821E46C21300B42141 /* iaptesting */,
				A6BE82961E46C21300B42141 /* iaptestingTests */,
				A6BE82A11E46C21300B42141 /* iaptestingUITests */,
			);
		};
/* End PBXProject section */

/* Begin PBXResourcesBuildPhase section */
		A6BE82811E46C21300B42141 /* Resources */ = {
			isa = PBXResourcesBuildPhase;
			buildActionMask = 2147483647;
			files = (
				A6BE82911E46C21300B42141 /* LaunchScreen.storyboard in Resources */,
				A6BE828E1E46C21300B42141 /* Assets.xcassets in Resources */,
				A6BE828C1E46C21300B42141 /* Main.storyboard in Resources */,
			);
			runOnlyForDeploymentPostprocessing = 0;
		};
		A6BE82951E46C21300B42141 /* Resources */ = {
			isa = PBXResourcesBuildPhase;
			buildActionMask = 2147483647;
			files = (
			);
			runOnlyForDeploymentPostprocessing = 0;
		};
		A6BE82A01E46C21300B42141 /* Resources */ = {
			isa = PBXResourcesBuildPhase;
			buildActionMask = 2147483647;
			files = (
			);
			runOnlyForDeploymentPostprocessing = 0;
		};
/* End PBXResourcesBuildPhase section */

/* Begin PBXSourcesBuildPhase section */
		A6BE827F1E46C21300B42141 /* Sources */ = {
			isa = PBXSourcesBuildPhase;
			buildActionMask = 2147483647;
			files = (
				A6BE82891E46C21300B42141 /* ViewController.swift in Sources */,
				A6BE82871E46C21300B42141 /* AppDelegate.swift in Sources */,
				A6BE82B51E46C7DF00B42141 /* PurchaseViewController.swift in Sources */,
			);
			runOnlyForDeploymentPostprocessing = 0;
		};
		A6BE82931E46C21300B42141 /* Sources */ = {
			isa = PBXSourcesBuildPhase;
			buildActionMask = 2147483647;
			files = (
				A6BE829C1E46C21300B42141 /* iaptestingTests.swift in Sources */,
			);
			runOnlyForDeploymentPostprocessing = 0;
		};
		A6BE829E1E46C21300B42141 /* Sources */ = {
			isa = PBXSourcesBuildPhase;
			buildActionMask = 2147483647;
			files = (
				A6BE82A71E46C21300B42141 /* iaptestingUITests.swift in Sources */,
			);
			runOnlyForDeploymentPostprocessing = 0;
		};
/* End PBXSourcesBuildPhase section */

/* Begin PBXTargetDependency section */
		A6BE82991E46C21300B42141 /* PBXTargetDependency */ = {
			isa = PBXTargetDependency;
			target = A6BE82821E46C21300B42141 /* iaptesting */;
			targetProxy = A6BE82981E46C21300B42141 /* PBXContainerItemProxy */;
		};
		A6BE82A41E46C21300B42141 /* PBXTargetDependency */ = {
			isa = PBXTargetDependency;
			target = A6BE82821E46C21300B42141 /* iaptesting */;
			targetProxy = A6BE82A31E46C21300B42141 /* PBXContainerItemProxy */;
		};
/* End PBXTargetDependency section */

/* Begin PBXVariantGroup section */
		A6BE828A1E46C21300B42141 /* Main.storyboard */ = {
			isa = PBXVariantGroup;
			children = (
				A6BE828B1E46C21300B42141 /* Base */,
			);
			name = Main.storyboard;
			sourceTree = "<group>";
		};
		A6BE828F1E46C21300B42141 /* LaunchScreen.storyboard */ = {
			isa = PBXVariantGroup;
			children = (
				A6BE82901E46C21300B42141 /* Base */,
			);
			name = LaunchScreen.storyboard;
			sourceTree = "<group>";
		};
/* End PBXVariantGroup section */

/* Begin XCBuildConfiguration section */
		A6BE82A91E46C21300B42141 /* Debug */ = {
			isa = XCBuildConfiguration;
			buildSettings = {
				ALWAYS_SEARCH_USER_PATHS = NO;
				CLANG_ANALYZER_NONNULL = YES;
				CLANG_CXX_LANGUAGE_STANDARD = "gnu++0x";
				CLANG_CXX_LIBRARY = "libc++";
				CLANG_ENABLE_MODULES = YES;
				CLANG_ENABLE_OBJC_ARC = YES;
				CLANG_WARN_BOOL_CONVERSION = YES;
				CLANG_WARN_CONSTANT_CONVERSION = YES;
				CLANG_WARN_DIRECT_OBJC_ISA_USAGE = YES_ERROR;
				CLANG_WARN_DOCUMENTATION_COMMENTS = YES;
				CLANG_WARN_EMPTY_BODY = YES;
				CLANG_WARN_ENUM_CONVERSION = YES;
				CLANG_WARN_INFINITE_RECURSION = YES;
				CLANG_WARN_INT_CONVERSION = YES;
				CLANG_WARN_OBJC_ROOT_CLASS = YES_ERROR;
				CLANG_WARN_SUSPICIOUS_MOVE = YES;
				CLANG_WARN_UNREACHABLE_CODE = YES;
				CLANG_WARN__DUPLICATE_METHOD_MATCH = YES;
				"CODE_SIGN_IDENTITY[sdk=iphoneos*]" = "iPhone Developer";
				COPY_PHASE_STRIP = NO;
				DEBUG_INFORMATION_FORMAT = dwarf;
				ENABLE_STRICT_OBJC_MSGSEND = YES;
				ENABLE_TESTABILITY = YES;
				GCC_C_LANGUAGE_STANDARD = gnu99;
				GCC_DYNAMIC_NO_PIC = NO;
				GCC_NO_COMMON_BLOCKS = YES;
				GCC_OPTIMIZATION_LEVEL = 0;
				GCC_PREPROCESSOR_DEFINITIONS = (
					"DEBUG=1",
					"$(inherited)",
				);
				GCC_WARN_64_TO_32_BIT_CONVERSION = YES;
				GCC_WARN_ABOUT_RETURN_TYPE = YES_ERROR;
				GCC_WARN_UNDECLARED_SELECTOR = YES;
				GCC_WARN_UNINITIALIZED_AUTOS = YES_AGGRESSIVE;
				GCC_WARN_UNUSED_FUNCTION = YES;
				GCC_WARN_UNUSED_VARIABLE = YES;
				IPHONEOS_DEPLOYMENT_TARGET = 10.2;
				MTL_ENABLE_DEBUG_INFO = YES;
				ONLY_ACTIVE_ARCH = YES;
				SDKROOT = iphoneos;
				SWIFT_ACTIVE_COMPILATION_CONDITIONS = DEBUG;
				SWIFT_OPTIMIZATION_LEVEL = "-Onone";
			};
			name = Debug;
		};
		A6BE82AA1E46C21300B42141 /* Release */ = {
			isa = XCBuildConfiguration;
			buildSettings = {
				ALWAYS_SEARCH_USER_PATHS = NO;
				CLANG_ANALYZER_NONNULL = YES;
				CLANG_CXX_LANGUAGE_STANDARD = "gnu++0x";
				CLANG_CXX_LIBRARY = "libc++";
				CLANG_ENABLE_MODULES = YES;
				CLANG_ENABLE_OBJC_ARC = YES;
				CLANG_WARN_BOOL_CONVERSION = YES;
				CLANG_WARN_CONSTANT_CONVERSION = YES;
				CLANG_WARN_DIRECT_OBJC_ISA_USAGE = YES_ERROR;
				CLANG_WARN_DOCUMENTATION_COMMENTS = YES;
				CLANG_WARN_EMPTY_BODY = YES;
				CLANG_WARN_ENUM_CONVERSION = YES;
				CLANG_WARN_INFINITE_RECURSION = YES;
				CLANG_WARN_INT_CONVERSION = YES;
				CLANG_WARN_OBJC_ROOT_CLASS = YES_ERROR;
				CLANG_WARN_SUSPICIOUS_MOVE = YES;
				CLANG_WARN_UNREACHABLE_CODE = YES;
				CLANG_WARN__DUPLICATE_METHOD_MATCH = YES;
				"CODE_SIGN_IDENTITY[sdk=iphoneos*]" = "iPhone Developer";
				COPY_PHASE_STRIP = NO;
				DEBUG_INFORMATION_FORMAT = "dwarf-with-dsym";
				ENABLE_NS_ASSERTIONS = NO;
				ENABLE_STRICT_OBJC_MSGSEND = YES;
				GCC_C_LANGUAGE_STANDARD = gnu99;
				GCC_NO_COMMON_BLOCKS = YES;
				GCC_WARN_64_TO_32_BIT_CONVERSION = YES;
				GCC_WARN_ABOUT_RETURN_TYPE = YES_ERROR;
				GCC_WARN_UNDECLARED_SELECTOR = YES;
				GCC_WARN_UNINITIALIZED_AUTOS = YES_AGGRESSIVE;
				GCC_WARN_UNUSED_FUNCTION = YES;
				GCC_WARN_UNUSED_VARIABLE = YES;
				IPHONEOS_DEPLOYMENT_TARGET = 10.2;
				MTL_ENABLE_DEBUG_INFO = NO;
				SDKROOT = iphoneos;
				SWIFT_OPTIMIZATION_LEVEL = "-Owholemodule";
				VALIDATE_PRODUCT = YES;
			};
			name = Release;
		};
		A6BE82AC1E46C21300B42141 /* Debug */ = {
			isa = XCBuildConfiguration;
			buildSettings = {
				ASSETCATALOG_COMPILER_APPICON_NAME = AppIcon;
				DEVELOPMENT_TEAM = 329536578B;
				INFOPLIST_FILE = iaptesting/Info.plist;
				LD_RUNPATH_SEARCH_PATHS = "$(inherited) @executable_path/Frameworks";
				PRODUCT_BUNDLE_IDENTIFIER = com.ckmobile.iaptesting;
				PRODUCT_NAME = "$(TARGET_NAME)";
				SWIFT_VERSION = 3.0;
			};
			name = Debug;
		};
		A6BE82AD1E46C21300B42141 /* Release */ = {
			isa = XCBuildConfiguration;
			buildSettings = {
				ASSETCATALOG_COMPILER_APPICON_NAME = AppIcon;
				DEVELOPMENT_TEAM = 329536578B;
				INFOPLIST_FILE = iaptesting/Info.plist;
				LD_RUNPATH_SEARCH_PATHS = "$(inherited) @executable_path/Frameworks";
				PRODUCT_BUNDLE_IDENTIFIER = com.ckmobile.iaptesting;
				PRODUCT_NAME = "$(TARGET_NAME)";
				SWIFT_VERSION = 3.0;
			};
			name = Release;
		};
		A6BE82AF1E46C21300B42141 /* Debug */ = {
			isa = XCBuildConfiguration;
			buildSettings = {
				ALWAYS_EMBED_SWIFT_STANDARD_LIBRARIES = YES;
				BUNDLE_LOADER = "$(TEST_HOST)";
				DEVELOPMENT_TEAM = 329536578B;
				INFOPLIST_FILE = iaptestingTests/Info.plist;
				LD_RUNPATH_SEARCH_PATHS = "$(inherited) @executable_path/Frameworks @loader_path/Frameworks";
				PRODUCT_BUNDLE_IDENTIFIER = com.ckmobile.iaptestingTests;
				PRODUCT_NAME = "$(TARGET_NAME)";
				SWIFT_VERSION = 3.0;
				TEST_HOST = "$(BUILT_PRODUCTS_DIR)/iaptesting.app/iaptesting";
			};
			name = Debug;
		};
		A6BE82B01E46C21300B42141 /* Release */ = {
			isa = XCBuildConfiguration;
			buildSettings = {
				ALWAYS_EMBED_SWIFT_STANDARD_LIBRARIES = YES;
				BUNDLE_LOADER = "$(TEST_HOST)";
				DEVELOPMENT_TEAM = 329536578B;
				INFOPLIST_FILE = iaptestingTests/Info.plist;
				LD_RUNPATH_SEARCH_PATHS = "$(inherited) @executable_path/Frameworks @loader_path/Frameworks";
				PRODUCT_BUNDLE_IDENTIFIER = com.ckmobile.iaptestingTests;
				PRODUCT_NAME = "$(TARGET_NAME)";
				SWIFT_VERSION = 3.0;
				TEST_HOST = "$(BUILT_PRODUCTS_DIR)/iaptesting.app/iaptesting";
			};
			name = Release;
		};
		A6BE82B21E46C21300B42141 /* Debug */ = {
			isa = XCBuildConfiguration;
			buildSettings = {
				ALWAYS_EMBED_SWIFT_STANDARD_LIBRARIES = YES;
				DEVELOPMENT_TEAM = 329536578B;
				INFOPLIST_FILE = iaptestingUITests/Info.plist;
				LD_RUNPATH_SEARCH_PATHS = "$(inherited) @executable_path/Frameworks @loader_path/Frameworks";
				PRODUCT_BUNDLE_IDENTIFIER = com.ckmobile.iaptestingUITests;
				PRODUCT_NAME = "$(TARGET_NAME)";
				SWIFT_VERSION = 3.0;
				TEST_TARGET_NAME = iaptesting;
			};
			name = Debug;
		};
		A6BE82B31E46C21300B42141 /* Release */ = {
			isa = XCBuildConfiguration;
			buildSettings = {
				ALWAYS_EMBED_SWIFT_STANDARD_LIBRARIES = YES;
				DEVELOPMENT_TEAM = 329536578B;
				INFOPLIST_FILE = iaptestingUITests/Info.plist;
				LD_RUNPATH_SEARCH_PATHS = "$(inherited) @executable_path/Frameworks @loader_path/Frameworks";
				PRODUCT_BUNDLE_IDENTIFIER = com.ckmobile.iaptestingUITests;
				PRODUCT_NAME = "$(TARGET_NAME)";
				SWIFT_VERSION = 3.0;
				TEST_TARGET_NAME = iaptesting;
			};
			name = Release;
		};
/* End XCBuildConfiguration section */

/* Begin XCConfigurationList section */
		A6BE827E1E46C21300B42141 /* Build configuration list for PBXProject "iaptesting" */ = {
			isa = XCConfigurationList;
			buildConfigurations = (
				A6BE82A91E46C21300B42141 /* Debug */,
				A6BE82AA1E46C21300B42141 /* Release */,
			);
			defaultConfigurationIsVisible = 0;
			defaultConfigurationName = Release;
		};
		A6BE82AB1E46C21300B42141 /* Build configuration list for PBXNativeTarget "iaptesting" */ = {
			isa = XCConfigurationList;
			buildConfigurations = (
				A6BE82AC1E46C21300B42141 /* Debug */,
				A6BE82AD1E46C21300B42141 /* Release */,
			);
			defaultConfigurationIsVisible = 0;
			defaultConfigurationName = Release;
		};
		A6BE82AE1E46C21300B42141 /* Build configuration list for PBXNativeTarget "iaptestingTests" */ = {
			isa = XCConfigurationList;
			buildConfigurations = (
				A6BE82AF1E46C21300B42141 /* Debug */,
				A6BE82B01E46C21300B42141 /* Release */,
			);
			defaultConfigurationIsVisible = 0;
			defaultConfigurationName = Release;
		};
		A6BE82B11E46C21300B42141 /* Build configuration list for PBXNativeTarget "iaptestingUITests" */ = {
			isa = XCConfigurationList;
			buildConfigurations = (
				A6BE82B21E46C21300B42141 /* Debug */,
				A6BE82B31E46C21300B42141 /* Release */,
			);
			defaultConfigurationIsVisible = 0;
			defaultConfigurationName = Release;
		};
/* End XCConfigurationList section */
	};
	rootObject = A6BE827B1E46C21300B42141 /* Project object */;
}
